github.com/alecthomas/kong v1.13.0 h1:5e/7XC3ugvhP1DQBmTS+WuHtCbcv44hsohMgcvVxSrA=
github.com/alecthomas/kong v1.13.0/go.mod h1:wrlbXem1CWqUV5Vbmss5ISYhsVPkBb1Yo7YKJghju2I=
github.com/kballard/go-shellquote v0.0.0-20180428030007-95032a82bc51 h1:Z9n2FFNUXsshfwJMBgNA0RU6/i7WVaAegv3PtuIHPMs=
github.com/kballard/go-shellquote v0.0.0-20180428030007-95032a82bc51/go.mod h1:CzGEWj7cYgsdH8dAjBGEr58BoE7ScuLd+fwFZ44+/x8=
github.com/simonfrey/jsonl v0.0.0-20240904112901-935399b9a740 h1:CXJI+lliMiiEwzfgE8yt/38K0heYDgQ0L3f/3fxRnQU=
github.com/simonfrey/jsonl v0.0.0-20240904112901-935399b9a740/go.mod h1:G4w16caPmc6at7u4fmkj/8OAoOnM9mkmJr2fvL0vhaw=
